
Microsoft Visual Studio Solution File, Format Version 12.00
# Visual Studio Version 16
VisualStudioVersion = 16.0.31313.79
MinimumVisualStudioVersion = 10.0.40219.1
Project("{9A19103F-16F7-4668-BE54-9A1E7A4F7556}") = "Rectangle_Assignment1", "Rectangle_Assignment1\Rectangle_Assignment1.csproj", "{A791845C-B0C9-4BD1-8E68-666E2D4A4BE0}"
EndProject
Global
	GlobalSection(SolutionConfigurationPlatforms) = preSolution
		Debug|Any CPU = Debug|Any CPU
		Release|Any CPU = Release|Any CPU
	EndGlobalSection
	GlobalSection(ProjectConfigurationPlatforms) = postSolution
		{A791845C-B0C9-4BD1-8E68-666E2D4A4BE0}.Debug|Any CPU.ActiveCfg = Debug|Any CPU
		{A791845C-B0C9-4BD1-8E68-666E2D4A4BE0}.Debug|Any CPU.Build.0 = Debug|Any CPU
		{A791845C-B0C9-4BD1-8E68-666E2D4A4BE0}.Release|Any CPU.ActiveCfg = Release|Any CPU
		{A791845C-B0C9-4BD1-8E68-666E2D4A4BE0}.Release|Any CPU.Build.0 = Release|Any CPU
	EndGlobalSection
	GlobalSection(SolutionProperties) = preSolution
		HideSolutionNode = FALSE
	EndGlobalSection
	GlobalSection(ExtensibilityGlobals) = postSolution
		SolutionGuid = {BFFB79B7-45E2-4B5E-872F-5E7517C4C398}
	EndGlobalSection
EndGlobal
